<?xml version="1.0" encoding="utf-8"?>
<Project ToolsVersion="4.0" xmlns="http://schemas.microsoft.com/developer/msbuild/2003">
  <ItemGroup>
    <Filter Include="Resource Files">
      <UniqueIdentifier>{67DA6AB6-F800-4c08-8B7A-83BB121AAD01}</UniqueIdentifier>
      <Extensions>rc;ico;cur;bmp;dlg;rc2;rct;bin;rgs;gif;jpg;jpeg;jpe;resx;tiff;tif;png;wav;mfcribbon-ms</Extensions>
    </Filter>
    <Filter Include="cpp11">
      <UniqueIdentifier>{98bfc176-727e-4dfa-b82e-66c9f7c90608}</UniqueIdentifier>
    </Filter>
    <Filter Include="cpp03">
      <UniqueIdentifier>{4bee204d-4313-472c-b5bf-2fda650579a8}</UniqueIdentifier>
    </Filter>
    <Filter Include="cpp03\template">
      <UniqueIdentifier>{4d5cfab8-a224-48ce-aa7d-2fbb9a7231d3}</UniqueIdentifier>
    </Filter>
    <Filter Include="cpp03\tester">
      <UniqueIdentifier>{f35d872c-2a21-4849-bf30-d61fd3f35960}</UniqueIdentifier>
    </Filter>
    <Filter Include="cpp03\pattern">
      <UniqueIdentifier>{b0daf5c7-e371-485f-84c2-d4f9ce0c2dcb}</UniqueIdentifier>
    </Filter>
    <Filter Include="cpp03\pattern\factory">
      <UniqueIdentifier>{5d1e4418-7f1c-4a30-ab32-1dde8bb72c3b}</UniqueIdentifier>
    </Filter>
    <Filter Include="cpp03\pattern\singleton">
      <UniqueIdentifier>{93756f12-b40c-4521-b4f4-2dea2d4cdfa9}</UniqueIdentifier>
    </Filter>
    <Filter Include="cpp03\pattern\prototype">
      <UniqueIdentifier>{892baee0-779f-4abd-9e88-17f245a26e48}</UniqueIdentifier>
    </Filter>
    <Filter Include="cpp03\pattern\builder">
      <UniqueIdentifier>{cb8dd52f-cc37-41f5-af26-95e0c58a1c22}</UniqueIdentifier>
    </Filter>
    <Filter Include="cpp11\tester">
      <UniqueIdentifier>{da2e1ae9-4d1e-42f3-adf6-18838cf4b322}</UniqueIdentifier>
    </Filter>
    <Filter Include="cpp11\utils">
      <UniqueIdentifier>{c8ff5de8-e1a8-4b8e-a84a-3fa73957d5c6}</UniqueIdentifier>
    </Filter>
    <Filter Include="readme">
      <UniqueIdentifier>{d3f45724-f73f-4e3a-9a09-7858db59adb7}</UniqueIdentifier>
    </Filter>
    <Filter Include="cpp03\pattern\objectpool">
      <UniqueIdentifier>{f5482f2c-1616-4590-b0b8-66827de30a9a}</UniqueIdentifier>
    </Filter>
    <Filter Include="cpp03\pattern\adapter">
      <UniqueIdentifier>{64d4ae74-7cd5-403b-9acc-9cdb9f2d579e}</UniqueIdentifier>
    </Filter>
    <Filter Include="cpp03\pattern\bridge">
      <UniqueIdentifier>{abffe948-89e1-4cd9-92d3-26749e961c9f}</UniqueIdentifier>
    </Filter>
  </ItemGroup>
  <ItemGroup>
    <ClCompile Include="main.cpp" />
    <ClCompile Include="cpp03\TemplateExplicit.cpp">
      <Filter>cpp03\template</Filter>
    </ClCompile>
    <ClCompile Include="cpp03\TesterCPP03.cpp">
      <Filter>cpp03\tester</Filter>
    </ClCompile>
    <ClCompile Include="cpp03\PatternDeviceA.cpp">
      <Filter>cpp03\pattern\factory</Filter>
    </ClCompile>
    <ClCompile Include="cpp03\PatternDeviceB.cpp">
      <Filter>cpp03\pattern\factory</Filter>
    </ClCompile>
    <ClCompile Include="cpp03\PatternDeviceFactory.cpp">
      <Filter>cpp03\pattern\factory</Filter>
    </ClCompile>
    <ClCompile Include="cpp03\PatternSingleton.cpp">
      <Filter>cpp03\pattern\singleton</Filter>
    </ClCompile>
    <ClCompile Include="cpp03\PatternPrototype.cpp">
      <Filter>cpp03\pattern\prototype</Filter>
    </ClCompile>
    <ClCompile Include="cpp03\PatternBuilder.cpp">
      <Filter>cpp03\pattern\builder</Filter>
    </ClCompile>
    <ClCompile Include="cpp11\TesterCPP11.cpp">
      <Filter>cpp11\tester</Filter>
    </ClCompile>
    <ClCompile Include="cpp11\CPP11Utils.cpp">
      <Filter>cpp11\utils</Filter>
    </ClCompile>
    <ClCompile Include="cpp03\PatternObjectPool.cpp">
      <Filter>cpp03\pattern\objectpool</Filter>
    </ClCompile>
    <ClCompile Include="cpp03\PatternAdapter.cpp">
      <Filter>cpp03\pattern\adapter</Filter>
    </ClCompile>
    <ClCompile Include="cpp03\PatternBridge.cpp">
      <Filter>cpp03\pattern\bridge</Filter>
    </ClCompile>
  </ItemGroup>
  <ItemGroup>
    <ClInclude Include="cpp03\TemplateExplicit.h">
      <Filter>cpp03\template</Filter>
    </ClInclude>
    <ClInclude Include="cpp03\TemplateImplicit.h">
      <Filter>cpp03\template</Filter>
    </ClInclude>
    <ClInclude Include="cpp03\TesterCPP03.h">
      <Filter>cpp03\tester</Filter>
    </ClInclude>
    <ClInclude Include="cpp03\PatternDeviceA.h">
      <Filter>cpp03\pattern\factory</Filter>
    </ClInclude>
    <ClInclude Include="cpp03\PatternDeviceB.h">
      <Filter>cpp03\pattern\factory</Filter>
    </ClInclude>
    <ClInclude Include="cpp03\PatternDeviceFactory.h">
      <Filter>cpp03\pattern\factory</Filter>
    </ClInclude>
    <ClInclude Include="cpp03\PatternInterface.h">
      <Filter>cpp03\pattern\factory</Filter>
    </ClInclude>
    <ClInclude Include="cpp03\PatternSingleton.h">
      <Filter>cpp03\pattern\singleton</Filter>
    </ClInclude>
    <ClInclude Include="cpp03\PatternPrototype.h">
      <Filter>cpp03\pattern\prototype</Filter>
    </ClInclude>
    <ClInclude Include="cpp03\PatternBuilder.h">
      <Filter>cpp03\pattern\builder</Filter>
    </ClInclude>
    <ClInclude Include="cpp11\TesterCPP11.h">
      <Filter>cpp11\tester</Filter>
    </ClInclude>
    <ClInclude Include="cpp11\CPP11Utils.h">
      <Filter>cpp11\utils</Filter>
    </ClInclude>
    <ClInclude Include="cpp03\PatternObjectPool.h">
      <Filter>cpp03\pattern\objectpool</Filter>
    </ClInclude>
    <ClInclude Include="cpp03\PatternAdapter.h">
      <Filter>cpp03\pattern\adapter</Filter>
    </ClInclude>
    <ClInclude Include="cpp03\PatternBridge.h">
      <Filter>cpp03\pattern\bridge</Filter>
    </ClInclude>
  </ItemGroup>
  <ItemGroup>
    <None Include="..\README.md">
      <Filter>readme</Filter>
    </None>
  </ItemGroup>
</Project>